// !$*UTF8*$!
{
	archiveVersion = 1;
	classes = {
	};
	objectVersion = 50;
	objects = {

/* Begin PBXBuildFile section */
		F95ACBBE26465B9F0043B0E5 /* AppDelegate.swift in Sources */ = {isa = PBXBuildFile; fileRef = F95ACBBD26465B9F0043B0E5 /* AppDelegate.swift */; };
		F95ACBC026465B9F0043B0E5 /* SceneDelegate.swift in Sources */ = {isa = PBXBuildFile; fileRef = F95ACBBF26465B9F0043B0E5 /* SceneDelegate.swift */; };
		F95ACBC226465B9F0043B0E5 /* ViewController.swift in Sources */ = {isa = PBXBuildFile; fileRef = F95ACBC126465B9F0043B0E5 /* ViewController.swift */; };
		F95ACBC526465B9F0043B0E5 /* Main.storyboard in Resources */ = {isa = PBXBuildFile; fileRef = F95ACBC326465B9F0043B0E5 /* Main.storyboard */; };
		F95ACBC726465BA10043B0E5 /* Assets.xcassets in Resources */ = {isa = PBXBuildFile; fileRef = F95ACBC626465BA10043B0E5 /* Assets.xcassets */; };
		F95ACBCA26465BA10043B0E5 /* LaunchScreen.storyboard in Resources */ = {isa = PBXBuildFile; fileRef = F95ACBC826465BA10043B0E5 /* LaunchScreen.storyboard */; };
		F95ACBD526465BA20043B0E5 /* instagramTests.swift in Sources */ = {isa = PBXBuildFile; fileRef = F95ACBD426465BA20043B0E5 /* instagramTests.swift */; };
		F95ACBE026465BA20043B0E5 /* instagramUITests.swift in Sources */ = {isa = PBXBuildFile; fileRef = F95ACBDF26465BA20043B0E5 /* instagramUITests.swift */; };
/* End PBXBuildFile section */

/* Begin PBXContainerItemProxy section */
		F95ACBD126465BA20043B0E5 /* PBXContainerItemProxy */ = {
			isa = PBXContainerItemProxy;
			containerPortal = F95ACBB226465B9F0043B0E5 /* Project object */;
			proxyType = 1;
			remoteGlobalIDString = F95ACBB926465B9F0043B0E5;
			remoteInfo = instagram;
		};
		F95ACBDC26465BA20043B0E5 /* PBXContainerItemProxy */ = {
			isa = PBXContainerItemProxy;
			containerPortal = F95ACBB226465B9F0043B0E5 /* Project object */;
			proxyType = 1;
			remoteGlobalIDString = F95ACBB926465B9F0043B0E5;
			remoteInfo = instagram;
		};
/* End PBXContainerItemProxy section */

/* Begin PBXFileReference section */
		F95ACBBA26465B9F0043B0E5 /* instagram.app */ = {isa = PBXFileReference; explicitFileType = wrapper.application; includeInIndex = 0; path = instagram.app; sourceTree = BUILT_PRODUCTS_DIR; };
		F95ACBBD26465B9F0043B0E5 /* AppDelegate.swift */ = {isa = PBXFileReference; lastKnownFileType = sourcecode.swift; path = AppDelegate.swift; sourceTree = "<group>"; };
		F95ACBBF26465B9F0043B0E5 /* SceneDelegate.swift */ = {isa = PBXFileReference; lastKnownFileType = sourcecode.swift; path = SceneDelegate.swift; sourceTree = "<group>"; };
		F95ACBC126465B9F0043B0E5 /* ViewController.swift */ = {isa = PBXFileReference; lastKnownFileType = sourcecode.swift; path = ViewController.swift; sourceTree = "<group>"; };
		F95ACBC426465B9F0043B0E5 /* Base */ = {isa = PBXFileReference; lastKnownFileType = file.storyboard; name = Base; path = Base.lproj/Main.storyboard; sourceTree = "<group>"; };
		F95ACBC626465BA10043B0E5 /* Assets.xcassets */ = {isa = PBXFileReference; lastKnownFileType = folder.assetcatalog; path = Assets.xcassets; sourceTree = "<group>"; };
		F95ACBC926465BA10043B0E5 /* Base */ = {isa = PBXFileReference; lastKnownFileType = file.storyboard; name = Base; path = Base.lproj/LaunchScreen.storyboard; sourceTree = "<group>"; };
		F95ACBCB26465BA10043B0E5 /* Info.plist */ = {isa = PBXFileReference; lastKnownFileType = text.plist.xml; path = Info.plist; sourceTree = "<group>"; };
		F95ACBD026465BA20043B0E5 /* instagramTests.xctest */ = {isa = PBXFileReference; explicitFileType = wrapper.cfbundle; includeInIndex = 0; path = instagramTests.xctest; sourceTree = BUILT_PRODUCTS_DIR; };
		F95ACBD426465BA20043B0E5 /* instagramTests.swift */ = {isa = PBXFileReference; lastKnownFileType = sourcecode.swift; path = instagramTests.swift; sourceTree = "<group>"; };
		F95ACBD626465BA20043B0E5 /* Info.plist */ = {isa = PBXFileReference; lastKnownFileType = text.plist.xml; path = Info.plist; sourceTree = "<group>"; };
		F95ACBDB26465BA20043B0E5 /* instagramUITests.xctest */ = {isa = PBXFileReference; explicitFileType = wrapper.cfbundle; includeInIndex = 0; path = instagramUITests.xctest; sourceTree = BUILT_PRODUCTS_DIR; };
		F95ACBDF26465BA20043B0E5 /* instagramUITests.swift */ = {isa = PBXFileReference; lastKnownFileType = sourcecode.swift; path = instagramUITests.swift; sourceTree = "<group>"; };
		F95ACBE126465BA20043B0E5 /* Info.plist */ = {isa = PBXFileReference; lastKnownFileType = text.plist.xml; path = Info.plist; sourceTree = "<group>"; };
/* End PBXFileReference section */

/* Begin PBXFrameworksBuildPhase section */
		F95ACBB726465B9F0043B0E5 /* Frameworks */ = {
			isa = PBXFrameworksBuildPhase;
			buildActionMask = 2147483647;
			files = (
			);
			runOnlyForDeploymentPostprocessing = 0;
		};
		F95ACBCD26465BA20043B0E5 /* Frameworks */ = {
			isa = PBXFrameworksBuildPhase;
			buildActionMask = 2147483647;
			files = (
			);
			runOnlyForDeploymentPostprocessing = 0;
		};
		F95ACBD826465BA20043B0E5 /* Frameworks */ = {
			isa = PBXFrameworksBuildPhase;
			buildActionMask = 2147483647;
			files = (
			);
			runOnlyForDeploymentPostprocessing = 0;
		};
/* End PBXFrameworksBuildPhase section */

/* Begin PBXGroup section */
		F95ACBB126465B9F0043B0E5 = {
			isa = PBXGroup;
			children = (
				F95ACBBC26465B9F0043B0E5 /* instagram */,
				F95ACBD326465BA20043B0E5 /* instagramTests */,
				F95ACBDE26465BA20043B0E5 /* instagramUITests */,
				F95ACBBB26465B9F0043B0E5 /* Products */,
			);
			sourceTree = "<group>";
		};
		F95ACBBB26465B9F0043B0E5 /* Products */ = {
			isa = PBXGroup;
			children = (
				F95ACBBA26465B9F0043B0E5 /* instagram.app */,
				F95ACBD026465BA20043B0E5 /* instagramTests.xctest */,
				F95ACBDB26465BA20043B0E5 /* instagramUITests.xctest */,
			);
			name = Products;
			sourceTree = "<group>";
		};
		F95ACBBC26465B9F0043B0E5 /* instagram */ = {
			isa = PBXGroup;
			children = (
				F95ACBBD26465B9F0043B0E5 /* AppDelegate.swift */,
				F95ACBBF26465B9F0043B0E5 /* SceneDelegate.swift */,
				F95ACBC126465B9F0043B0E5 /* ViewController.swift */,
				F95ACBC326465B9F0043B0E5 /* Main.storyboard */,
				F95ACBC626465BA10043B0E5 /* Assets.xcassets */,
				F95ACBC826465BA10043B0E5 /* LaunchScreen.storyboard */,
				F95ACBCB26465BA10043B0E5 /* Info.plist */,
			);
			path = instagram;
			sourceTree = "<group>";
		};
		F95ACBD326465BA20043B0E5 /* instagramTests */ = {
			isa = PBXGroup;
			children = (
				F95ACBD426465BA20043B0E5 /* instagramTests.swift */,
				F95ACBD626465BA20043B0E5 /* Info.plist */,
			);
			path = instagramTests;
			sourceTree = "<group>";
		};
		F95ACBDE26465BA20043B0E5 /* instagramUITests */ = {
			isa = PBXGroup;
			children = (
				F95ACBDF26465BA20043B0E5 /* instagramUITests.swift */,
				F95ACBE126465BA20043B0E5 /* Info.plist */,
			);
			path = instagramUITests;
			sourceTree = "<group>";
		};
/* End PBXGroup section */

/* Begin PBXNativeTarget section */
		F95ACBB926465B9F0043B0E5 /* instagram */ = {
			isa = PBXNativeTarget;
			buildConfigurationList = F95ACBE426465BA20043B0E5 /* Build configuration list for PBXNativeTarget "instagram" */;
			buildPhases = (
				F95ACBB626465B9F0043B0E5 /* Sources */,
				F95ACBB726465B9F0043B0E5 /* Frameworks */,
				F95ACBB826465B9F0043B0E5 /* Resources */,
			);
			buildRules = (
			);
			dependencies = (
			);
			name = instagram;
			productName = instagram;
			productReference = F95ACBBA26465B9F0043B0E5 /* instagram.app */;
			productType = "com.apple.product-type.application";
		};
		F95ACBCF26465BA20043B0E5 /* instagramTests */ = {
			isa = PBXNativeTarget;
			buildConfigurationList = F95ACBE726465BA20043B0E5 /* Build configuration list for PBXNativeTarget "instagramTests" */;
			buildPhases = (
				F95ACBCC26465BA20043B0E5 /* Sources */,
				F95ACBCD26465BA20043B0E5 /* Frameworks */,
				F95ACBCE26465BA20043B0E5 /* Resources */,
			);
			buildRules = (
			);
			dependencies = (
				F95ACBD226465BA20043B0E5 /* PBXTargetDependency */,
			);
			name = instagramTests;
			productName = instagramTests;
			productReference = F95ACBD026465BA20043B0E5 /* instagramTests.xctest */;
			productType = "com.apple.product-type.bundle.unit-test";
		};
		F95ACBDA26465BA20043B0E5 /* instagramUITests */ = {
			isa = PBXNativeTarget;
			buildConfigurationList = F95ACBEA26465BA20043B0E5 /* Build configuration list for PBXNativeTarget "instagramUITests" */;
			buildPhases = (
				F95ACBD726465BA20043B0E5 /* Sources */,
				F95ACBD826465BA20043B0E5 /* Frameworks */,
				F95ACBD926465BA20043B0E5 /* Resources */,
			);
			buildRules = (
			);
			dependencies = (
				F95ACBDD26465BA20043B0E5 /* PBXTargetDependency */,
			);
			name = instagramUITests;
			productName = instagramUITests;
			productReference = F95ACBDB26465BA20043B0E5 /* instagramUITests.xctest */;
			productType = "com.apple.product-type.bundle.ui-testing";
		};
/* End PBXNativeTarget section */

/* Begin PBXProject section */
		F95ACBB226465B9F0043B0E5 /* Project object */ = {
			isa = PBXProject;
			attributes = {
				LastSwiftUpdateCheck = 1240;
				LastUpgradeCheck = 1240;
				TargetAttributes = {
					F95ACBB926465B9F0043B0E5 = {
						CreatedOnToolsVersion = 12.4;
					};
					F95ACBCF26465BA20043B0E5 = {
						CreatedOnToolsVersion = 12.4;
						TestTargetID = F95ACBB926465B9F0043B0E5;
					};
					F95ACBDA26465BA20043B0E5 = {
						CreatedOnToolsVersion = 12.4;
						TestTargetID = F95ACBB926465B9F0043B0E5;
					};
				};
			};
			buildConfigurationList = F95ACBB526465B9F0043B0E5 /* Build configuration list for PBXProject "instagram" */;
			compatibilityVersion = "Xcode 9.3";
			developmentRegion = en;
			hasScannedForEncodings = 0;
			knownRegions = (
				en,
				Base,
			);
			mainGroup = F95ACBB126465B9F0043B0E5;
			productRefGroup = F95ACBBB26465B9F0043B0E5 /* Products */;
			projectDirPath = "";
			projectRoot = "";
			targets = (
				F95ACBB926465B9F0043B0E5 /* instagram */,
				F95ACBCF26465BA20043B0E5 /* instagramTests */,
				F95ACBDA26465BA20043B0E5 /* instagramUITests */,
			);
		};
/* End PBXProject section */

/* Begin PBXResourcesBuildPhase section */
		F95ACBB826465B9F0043B0E5 /* Resources */ = {
			isa = PBXResourcesBuildPhase;
			buildActionMask = 2147483647;
			files = (
				F95ACBCA26465BA10043B0E5 /* LaunchScreen.storyboard in Resources */,
				F95ACBC726465BA10043B0E5 /* Assets.xcassets in Resources */,
				F95ACBC526465B9F0043B0E5 /* Main.storyboard in Resources */,
			);
			runOnlyForDeploymentPostprocessing = 0;
		};
		F95ACBCE26465BA20043B0E5 /* Resources */ = {
			isa = PBXResourcesBuildPhase;
			buildActionMask = 2147483647;
			files = (
			);
			runOnlyForDeploymentPostprocessing = 0;
		};
		F95ACBD926465BA20043B0E5 /* Resources */ = {
			isa = PBXResourcesBuildPhase;
			buildActionMask = 2147483647;
			files = (
			);
			runOnlyForDeploymentPostprocessing = 0;
		};
/* End PBXResourcesBuildPhase section */

/* Begin PBXSourcesBuildPhase section */
		F95ACBB626465B9F0043B0E5 /* Sources */ = {
			isa = PBXSourcesBuildPhase;
			buildActionMask = 2147483647;
			files = (
				F95ACBC226465B9F0043B0E5 /* ViewController.swift in Sources */,
				F95ACBBE26465B9F0043B0E5 /* AppDelegate.swift in Sources */,
				F95ACBC026465B9F0043B0E5 /* SceneDelegate.swift in Sources */,
			);
			runOnlyForDeploymentPostprocessing = 0;
		};
		F95ACBCC26465BA20043B0E5 /* Sources */ = {
			isa = PBXSourcesBuildPhase;
			buildActionMask = 2147483647;
			files = (
				F95ACBD526465BA20043B0E5 /* instagramTests.swift in Sources */,
			);
			runOnlyForDeploymentPostprocessing = 0;
		};
		F95ACBD726465BA20043B0E5 /* Sources */ = {
			isa = PBXSourcesBuildPhase;
			buildActionMask = 2147483647;
			files = (
				F95ACBE026465BA20043B0E5 /* instagramUITests.swift in Sources */,
			);
			runOnlyForDeploymentPostprocessing = 0;
		};
/* End PBXSourcesBuildPhase section */

/* Begin PBXTargetDependency section */
		F95ACBD226465BA20043B0E5 /* PBXTargetDependency */ = {
			isa = PBXTargetDependency;
			target = F95ACBB926465B9F0043B0E5 /* instagram */;
			targetProxy = F95ACBD126465BA20043B0E5 /* PBXContainerItemProxy */;
		};
		F95ACBDD26465BA20043B0E5 /* PBXTargetDependency */ = {
			isa = PBXTargetDependency;
			target = F95ACBB926465B9F0043B0E5 /* instagram */;
			targetProxy = F95ACBDC26465BA20043B0E5 /* PBXContainerItemProxy */;
		};
/* End PBXTargetDependency section */

/* Begin PBXVariantGroup section */
		F95ACBC326465B9F0043B0E5 /* Main.storyboard */ = {
			isa = PBXVariantGroup;
			children = (
				F95ACBC426465B9F0043B0E5 /* Base */,
			);
			name = Main.storyboard;
			sourceTree = "<group>";
		};
		F95ACBC826465BA10043B0E5 /* LaunchScreen.storyboard */ = {
			isa = PBXVariantGroup;
			children = (
				F95ACBC926465BA10043B0E5 /* Base */,
			);
			name = LaunchScreen.storyboard;
			sourceTree = "<group>";
		};
/* End PBXVariantGroup section */

/* Begin XCBuildConfiguration section */
		F95ACBE226465BA20043B0E5 /* Debug */ = {
			isa = XCBuildConfiguration;
			buildSettings = {
				ALWAYS_SEARCH_USER_PATHS = NO;
				CLANG_ANALYZER_NONNULL = YES;
				CLANG_ANALYZER_NUMBER_OBJECT_CONVERSION = YES_AGGRESSIVE;
				CLANG_CXX_LANGUAGE_STANDARD = "gnu++14";
				CLANG_CXX_LIBRARY = "libc++";
				CLANG_ENABLE_MODULES = YES;
				CLANG_ENABLE_OBJC_ARC = YES;
				CLANG_ENABLE_OBJC_WEAK = YES;
				CLANG_WARN_BLOCK_CAPTURE_AUTORELEASING = YES;
				CLANG_WARN_BOOL_CONVERSION = YES;
				CLANG_WARN_COMMA = YES;
				CLANG_WARN_CONSTANT_CONVERSION = YES;
				CLANG_WARN_DEPRECATED_OBJC_IMPLEMENTATIONS = YES;
				CLANG_WARN_DIRECT_OBJC_ISA_USAGE = YES_ERROR;
				CLANG_WARN_DOCUMENTATION_COMMENTS = YES;
				CLANG_WARN_EMPTY_BODY = YES;
				CLANG_WARN_ENUM_CONVERSION = YES;
				CLANG_WARN_INFINITE_RECURSION = YES;
				CLANG_WARN_INT_CONVERSION = YES;
				CLANG_WARN_NON_LITERAL_NULL_CONVERSION = YES;
				CLANG_WARN_OBJC_IMPLICIT_RETAIN_SELF = YES;
				CLANG_WARN_OBJC_LITERAL_CONVERSION = YES;
				CLANG_WARN_OBJC_ROOT_CLASS = YES_ERROR;
				CLANG_WARN_QUOTED_INCLUDE_IN_FRAMEWORK_HEADER = YES;
				CLANG_WARN_RANGE_LOOP_ANALYSIS = YES;
				CLANG_WARN_STRICT_PROTOTYPES = YES;
				CLANG_WARN_SUSPICIOUS_MOVE = YES;
				CLANG_WARN_UNGUARDED_AVAILABILITY = YES_AGGRESSIVE;
				CLANG_WARN_UNREACHABLE_CODE = YES;
				CLANG_WARN__DUPLICATE_METHOD_MATCH = YES;
				COPY_PHASE_STRIP = NO;
				DEBUG_INFORMATION_FORMAT = dwarf;
				ENABLE_STRICT_OBJC_MSGSEND = YES;
				ENABLE_TESTABILITY = YES;
				GCC_C_LANGUAGE_STANDARD = gnu11;
				GCC_DYNAMIC_NO_PIC = NO;
				GCC_NO_COMMON_BLOCKS = YES;
				GCC_OPTIMIZATION_LEVEL = 0;
				GCC_PREPROCESSOR_DEFINITIONS = (
					"DEBUG=1",
					"$(inherited)",
				);
				GCC_WARN_64_TO_32_BIT_CONVERSION = YES;
				GCC_WARN_ABOUT_RETURN_TYPE = YES_ERROR;
				GCC_WARN_UNDECLARED_SELECTOR = YES;
				GCC_WARN_UNINITIALIZED_AUTOS = YES_AGGRESSIVE;
				GCC_WARN_UNUSED_FUNCTION = YES;
				GCC_WARN_UNUSED_VARIABLE = YES;
				IPHONEOS_DEPLOYMENT_TARGET = 14.4;
				MTL_ENABLE_DEBUG_INFO = INCLUDE_SOURCE;
				MTL_FAST_MATH = YES;
				ONLY_ACTIVE_ARCH = YES;
				SDKROOT = iphoneos;
				SWIFT_ACTIVE_COMPILATION_CONDITIONS = DEBUG;
				SWIFT_OPTIMIZATION_LEVEL = "-Onone";
			};
			name = Debug;
		};
		F95ACBE326465BA20043B0E5 /* Release */ = {
			isa = XCBuildConfiguration;
			buildSettings = {
				ALWAYS_SEARCH_USER_PATHS = NO;
				CLANG_ANALYZER_NONNULL = YES;
				CLANG_ANALYZER_NUMBER_OBJECT_CONVERSION = YES_AGGRESSIVE;
				CLANG_CXX_LANGUAGE_STANDARD = "gnu++14";
				CLANG_CXX_LIBRARY = "libc++";
				CLANG_ENABLE_MODULES = YES;
				CLANG_ENABLE_OBJC_ARC = YES;
				CLANG_ENABLE_OBJC_WEAK = YES;
				CLANG_WARN_BLOCK_CAPTURE_AUTORELEASING = YES;
				CLANG_WARN_BOOL_CONVERSION = YES;
				CLANG_WARN_COMMA = YES;
				CLANG_WARN_CONSTANT_CONVERSION = YES;
				CLANG_WARN_DEPRECATED_OBJC_IMPLEMENTATIONS = YES;
				CLANG_WARN_DIRECT_OBJC_ISA_USAGE = YES_ERROR;
				CLANG_WARN_DOCUMENTATION_COMMENTS = YES;
				CLANG_WARN_EMPTY_BODY = YES;
				CLANG_WARN_ENUM_CONVERSION = YES;
				CLANG_WARN_INFINITE_RECURSION = YES;
				CLANG_WARN_INT_CONVERSION = YES;
				CLANG_WARN_NON_LITERAL_NULL_CONVERSION = YES;
				CLANG_WARN_OBJC_IMPLICIT_RETAIN_SELF = YES;
				CLANG_WARN_OBJC_LITERAL_CONVERSION = YES;
				CLANG_WARN_OBJC_ROOT_CLASS = YES_ERROR;
				CLANG_WARN_QUOTED_INCLUDE_IN_FRAMEWORK_HEADER = YES;
				CLANG_WARN_RANGE_LOOP_ANALYSIS = YES;
				CLANG_WARN_STRICT_PROTOTYPES = YES;
				CLANG_WARN_SUSPICIOUS_MOVE = YES;
				CLANG_WARN_UNGUARDED_AVAILABILITY = YES_AGGRESSIVE;
				CLANG_WARN_UNREACHABLE_CODE = YES;
				CLANG_WARN__DUPLICATE_METHOD_MATCH = YES;
				COPY_PHASE_STRIP = NO;
				DEBUG_INFORMATION_FORMAT = "dwarf-with-dsym";
				ENABLE_NS_ASSERTIONS = NO;
				ENABLE_STRICT_OBJC_MSGSEND = YES;
				GCC_C_LANGUAGE_STANDARD = gnu11;
				GCC_NO_COMMON_BLOCKS = YES;
				GCC_WARN_64_TO_32_BIT_CONVERSION = YES;
				GCC_WARN_ABOUT_RETURN_TYPE = YES_ERROR;
				GCC_WARN_UNDECLARED_SELECTOR = YES;
				GCC_WARN_UNINITIALIZED_AUTOS = YES_AGGRESSIVE;
				GCC_WARN_UNUSED_FUNCTION = YES;
				GCC_WARN_UNUSED_VARIABLE = YES;
				IPHONEOS_DEPLOYMENT_TARGET = 14.4;
				MTL_ENABLE_DEBUG_INFO = NO;
				MTL_FAST_MATH = YES;
				SDKROOT = iphoneos;
				SWIFT_COMPILATION_MODE = wholemodule;
				SWIFT_OPTIMIZATION_LEVEL = "-O";
				VALIDATE_PRODUCT = YES;
			};
			name = Release;
		};
		F95ACBE526465BA20043B0E5 /* Debug */ = {
			isa = XCBuildConfiguration;
			buildSettings = {
				ASSETCATALOG_COMPILER_APPICON_NAME = AppIcon;
				ASSETCATALOG_COMPILER_GLOBAL_ACCENT_COLOR_NAME = AccentColor;
				CODE_SIGN_STYLE = Automatic;
				INFOPLIST_FILE = instagram/Info.plist;
				LD_RUNPATH_SEARCH_PATHS = (
					"$(inherited)",
					"@executable_path/Frameworks",
				);
				PRODUCT_BUNDLE_IDENTIFIER = christinetu.instagram;
				PRODUCT_NAME = "$(TARGET_NAME)";
				SWIFT_VERSION = 5.0;
				TARGETED_DEVICE_FAMILY = "1,2";
			};
			name = Debug;
		};
		F95ACBE626465BA20043B0E5 /* Release */ = {
			isa = XCBuildConfiguration;
			buildSettings = {
				ASSETCATALOG_COMPILER_APPICON_NAME = AppIcon;
				ASSETCATALOG_COMPILER_GLOBAL_ACCENT_COLOR_NAME = AccentColor;
				CODE_SIGN_STYLE = Automatic;
				INFOPLIST_FILE = instagram/Info.plist;
				LD_RUNPATH_SEARCH_PATHS = (
					"$(inherited)",
					"@executable_path/Frameworks",
				);
				PRODUCT_BUNDLE_IDENTIFIER = christinetu.instagram;
				PRODUCT_NAME = "$(TARGET_NAME)";
				SWIFT_VERSION = 5.0;
				TARGETED_DEVICE_FAMILY = "1,2";
			};
			name = Release;
		};
		F95ACBE826465BA20043B0E5 /* Debug */ = {
			isa = XCBuildConfiguration;
			buildSettings = {
				ALWAYS_EMBED_SWIFT_STANDARD_LIBRARIES = YES;
				BUNDLE_LOADER = "$(TEST_HOST)";
				CODE_SIGN_STYLE = Automatic;
				INFOPLIST_FILE = instagramTests/Info.plist;
				IPHONEOS_DEPLOYMENT_TARGET = 14.4;
				LD_RUNPATH_SEARCH_PATHS = (
					"$(inherited)",
					"@executable_path/Frameworks",
					"@loader_path/Frameworks",
				);
				PRODUCT_BUNDLE_IDENTIFIER = christinetu.instagramTests;
				PRODUCT_NAME = "$(TARGET_NAME)";
				SWIFT_VERSION = 5.0;
				TARGETED_DEVICE_FAMILY = "1,2";
				TEST_HOST = "$(BUILT_PRODUCTS_DIR)/instagram.app/instagram";
			};
			name = Debug;
		};
		F95ACBE926465BA20043B0E5 /* Release */ = {
			isa = XCBuildConfiguration;
			buildSettings = {
				ALWAYS_EMBED_SWIFT_STANDARD_LIBRARIES = YES;
				BUNDLE_LOADER = "$(TEST_HOST)";
				CODE_SIGN_STYLE = Automatic;
				INFOPLIST_FILE = instagramTests/Info.plist;
				IPHONEOS_DEPLOYMENT_TARGET = 14.4;
				LD_RUNPATH_SEARCH_PATHS = (
					"$(inherited)",
					"@executable_path/Frameworks",
					"@loader_path/Frameworks",
				);
				PRODUCT_BUNDLE_IDENTIFIER = christinetu.instagramTests;
				PRODUCT_NAME = "$(TARGET_NAME)";
				SWIFT_VERSION = 5.0;
				TARGETED_DEVICE_FAMILY = "1,2";
				TEST_HOST = "$(BUILT_PRODUCTS_DIR)/instagram.app/instagram";
			};
			name = Release;
		};
		F95ACBEB26465BA20043B0E5 /* Debug */ = {
			isa = XCBuildConfiguration;
			buildSettings = {
				ALWAYS_EMBED_SWIFT_STANDARD_LIBRARIES = YES;
				CODE_SIGN_STYLE = Automatic;
				INFOPLIST_FILE = instagramUITests/Info.plist;
				LD_RUNPATH_SEARCH_PATHS = (
					"$(inherited)",
					"@executable_path/Frameworks",
					"@loader_path/Frameworks",
				);
				PRODUCT_BUNDLE_IDENTIFIER = christinetu.instagramUITests;
				PRODUCT_NAME = "$(TARGET_NAME)";
				SWIFT_VERSION = 5.0;
				TARGETED_DEVICE_FAMILY = "1,2";
				TEST_TARGET_NAME = instagram;
			};
			name = Debug;
		};
		F95ACBEC26465BA20043B0E5 /* Release */ = {
			isa = XCBuildConfiguration;
			buildSettings = {
				ALWAYS_EMBED_SWIFT_STANDARD_LIBRARIES = YES;
				CODE_SIGN_STYLE = Automatic;
				INFOPLIST_FILE = instagramUITests/Info.plist;
				LD_RUNPATH_SEARCH_PATHS = (
					"$(inherited)",
					"@executable_path/Frameworks",
					"@loader_path/Frameworks",
				);
				PRODUCT_BUNDLE_IDENTIFIER = christinetu.instagramUITests;
				PRODUCT_NAME = "$(TARGET_NAME)";
				SWIFT_VERSION = 5.0;
				TARGETED_DEVICE_FAMILY = "1,2";
				TEST_TARGET_NAME = instagram;
			};
			name = Release;
		};
/* End XCBuildConfiguration section */

/* Begin XCConfigurationList section */
		F95ACBB526465B9F0043B0E5 /* Build configuration list for PBXProject "instagram" */ = {
			isa = XCConfigurationList;
			buildConfigurations = (
				F95ACBE226465BA20043B0E5 /* Debug */,
				F95ACBE326465BA20043B0E5 /* Release */,
			);
			defaultConfigurationIsVisible = 0;
			defaultConfigurationName = Release;
		};
		F95ACBE426465BA20043B0E5 /* Build configuration list for PBXNativeTarget "instagram" */ = {
			isa = XCConfigurationList;
			buildConfigurations = (
				F95ACBE526465BA20043B0E5 /* Debug */,
				F95ACBE626465BA20043B0E5 /* Release */,
			);
			defaultConfigurationIsVisible = 0;
			defaultConfigurationName = Release;
		};
		F95ACBE726465BA20043B0E5 /* Build configuration list for PBXNativeTarget "instagramTests" */ = {
			isa = XCConfigurationList;
			buildConfigurations = (
				F95ACBE826465BA20043B0E5 /* Debug */,
				F95ACBE926465BA20043B0E5 /* Release */,
			);
			defaultConfigurationIsVisible = 0;
			defaultConfigurationName = Release;
		};
		F95ACBEA26465BA20043B0E5 /* Build configuration list for PBXNativeTarget "instagramUITests" */ = {
			isa = XCConfigurationList;
			buildConfigurations = (
				F95ACBEB26465BA20043B0E5 /* Debug */,
				F95ACBEC26465BA20043B0E5 /* Release */,
			);
			defaultConfigurationIsVisible = 0;
			defaultConfigurationName = Release;
		};
/* End XCConfigurationList section */
	};
	rootObject = F95ACBB226465B9F0043B0E5 /* Project object */;
}
